
Microsoft Visual Studio Solution File, Format Version 12.00
# Visual Studio Version 16
VisualStudioVersion = 16.0.30011.22
MinimumVisualStudioVersion = 10.0.40219.1
Project("{FAE04EC0-301F-11D3-BF4B-00C04F79EFBC}") = "WindowsFormsApp6", "WindowsFormsApp6\WindowsFormsApp6.csproj", "{0E921430-8EAB-4C3F-AECF-0B46D3EC4F37}"
EndProject
Global
	GlobalSection(SolutionConfigurationPlatforms) = preSolution
		Debug|Any CPU = Debug|Any CPU
		Release|Any CPU = Release|Any CPU
	EndGlobalSection
	GlobalSection(ProjectConfigurationPlatforms) = postSolution
		{0E921430-8EAB-4C3F-AECF-0B46D3EC4F37}.Debug|Any CPU.ActiveCfg = Debug|Any CPU
		{0E921430-8EAB-4C3F-AECF-0B46D3EC4F37}.Debug|Any CPU.Build.0 = Debug|Any CPU
		{0E921430-8EAB-4C3F-AECF-0B46D3EC4F37}.Release|Any CPU.ActiveCfg = Release|Any CPU
		{0E921430-8EAB-4C3F-AECF-0B46D3EC4F37}.Release|Any CPU.Build.0 = Release|Any CPU
	EndGlobalSection
	GlobalSection(SolutionProperties) = preSolution
		HideSolutionNode = FALSE
	EndGlobalSection
	GlobalSection(ExtensibilityGlobals) = postSolution
		SolutionGuid = {42B5E6FD-ED05-4AA4-A0F6-2AC6A32005AF}
	EndGlobalSection
EndGlobal
